
Microsoft Visual Studio Solution File, Format Version 12.00
# Visual Studio Version 17
VisualStudioVersion = 17.13.35806.99
MinimumVisualStudioVersion = 10.0.40219.1
Project("{FAE04EC0-301F-11D3-BF4B-00C04F79EFBC}") = "INTERNET_SHOP", "INTERNET_SHOP\INTERNET_SHOP.csproj", "{35DEF7C2-1E0D-410A-BA44-D1A9BEFC36FD}"
EndProject
Global
	GlobalSection(SolutionConfigurationPlatforms) = preSolution
		Debug|Any CPU = Debug|Any CPU
		Release|Any CPU = Release|Any CPU
	EndGlobalSection
	GlobalSection(ProjectConfigurationPlatforms) = postSolution
		{35DEF7C2-1E0D-410A-BA44-D1A9BEFC36FD}.Debug|Any CPU.ActiveCfg = Debug|Any CPU
		{35DEF7C2-1E0D-410A-BA44-D1A9BEFC36FD}.Debug|Any CPU.Build.0 = Debug|Any CPU
		{35DEF7C2-1E0D-410A-BA44-D1A9BEFC36FD}.Release|Any CPU.ActiveCfg = Release|Any CPU
		{35DEF7C2-1E0D-410A-BA44-D1A9BEFC36FD}.Release|Any CPU.Build.0 = Release|Any CPU
	EndGlobalSection
	GlobalSection(SolutionProperties) = preSolution
		HideSolutionNode = FALSE
	EndGlobalSection
	GlobalSection(ExtensibilityGlobals) = postSolution
		SolutionGuid = {2F56981F-4082-431C-8391-A2F5B1444C7A}
	EndGlobalSection
EndGlobal
